
Microsoft Visual Studio Solution File, Format Version 12.00
# Visual Studio Version 17
VisualStudioVersion = 17.11.35312.102
MinimumVisualStudioVersion = 10.0.40219.1
Project("{FAE04EC0-301F-11D3-BF4B-00C04F79EFBC}") = "RedisFirstTry", "RedisFirstTry\RedisFirstTry.csproj", "{75E45A14-6C25-467C-A467-A87C7A4B8726}"
EndProject
Global
	GlobalSection(SolutionConfigurationPlatforms) = preSolution
		Debug|Any CPU = Debug|Any CPU
		Release|Any CPU = Release|Any CPU
	EndGlobalSection
	GlobalSection(ProjectConfigurationPlatforms) = postSolution
		{75E45A14-6C25-467C-A467-A87C7A4B8726}.Debug|Any CPU.ActiveCfg = Debug|Any CPU
		{75E45A14-6C25-467C-A467-A87C7A4B8726}.Debug|Any CPU.Build.0 = Debug|Any CPU
		{75E45A14-6C25-467C-A467-A87C7A4B8726}.Release|Any CPU.ActiveCfg = Release|Any CPU
		{75E45A14-6C25-467C-A467-A87C7A4B8726}.Release|Any CPU.Build.0 = Release|Any CPU
	EndGlobalSection
	GlobalSection(SolutionProperties) = preSolution
		HideSolutionNode = FALSE
	EndGlobalSection
	GlobalSection(ExtensibilityGlobals) = postSolution
		SolutionGuid = {BA679B69-D0AC-499B-8E75-D91C77BB1876}
	EndGlobalSection
EndGlobal
